
Microsoft Visual Studio Solution File, Format Version 12.00
# Visual Studio Version 17
VisualStudioVersion = 17.6.33723.286
MinimumVisualStudioVersion = 10.0.40219.1
Project("{FAE04EC0-301F-11D3-BF4B-00C04F79EFBC}") = "PersonnelTracking", "PersonnelTracking.csproj", "{16CA4379-0F78-4C61-8692-8FCF13427B0D}"
EndProject
Project("{FAE04EC0-301F-11D3-BF4B-00C04F79EFBC}") = "BusinessLogicLayer", "..\BusinessLogicLayer\BusinessLogicLayer.csproj", "{3C22A420-10DB-4317-9FFE-E00D4FC2BFE8}"
EndProject
Project("{FAE04EC0-301F-11D3-BF4B-00C04F79EFBC}") = "DataAccessLayer", "..\DataAccessLayer\DataAccessLayer.csproj", "{4AEBF909-875F-4536-9DCB-F44BC7797665}"
EndProject
Global
	GlobalSection(SolutionConfigurationPlatforms) = preSolution
		Debug|Any CPU = Debug|Any CPU
		Release|Any CPU = Release|Any CPU
	EndGlobalSection
	GlobalSection(ProjectConfigurationPlatforms) = postSolution
		{16CA4379-0F78-4C61-8692-8FCF13427B0D}.Debug|Any CPU.ActiveCfg = Debug|Any CPU
		{16CA4379-0F78-4C61-8692-8FCF13427B0D}.Debug|Any CPU.Build.0 = Debug|Any CPU
		{16CA4379-0F78-4C61-8692-8FCF13427B0D}.Release|Any CPU.ActiveCfg = Release|Any CPU
		{16CA4379-0F78-4C61-8692-8FCF13427B0D}.Release|Any CPU.Build.0 = Release|Any CPU
		{3C22A420-10DB-4317-9FFE-E00D4FC2BFE8}.Debug|Any CPU.ActiveCfg = Debug|Any CPU
		{3C22A420-10DB-4317-9FFE-E00D4FC2BFE8}.Debug|Any CPU.Build.0 = Debug|Any CPU
		{3C22A420-10DB-4317-9FFE-E00D4FC2BFE8}.Release|Any CPU.ActiveCfg = Release|Any CPU
		{3C22A420-10DB-4317-9FFE-E00D4FC2BFE8}.Release|Any CPU.Build.0 = Release|Any CPU
		{4AEBF909-875F-4536-9DCB-F44BC7797665}.Debug|Any CPU.ActiveCfg = Debug|Any CPU
		{4AEBF909-875F-4536-9DCB-F44BC7797665}.Debug|Any CPU.Build.0 = Debug|Any CPU
		{4AEBF909-875F-4536-9DCB-F44BC7797665}.Release|Any CPU.ActiveCfg = Release|Any CPU
		{4AEBF909-875F-4536-9DCB-F44BC7797665}.Release|Any CPU.Build.0 = Release|Any CPU
	EndGlobalSection
	GlobalSection(SolutionProperties) = preSolution
		HideSolutionNode = FALSE
	EndGlobalSection
	GlobalSection(ExtensibilityGlobals) = postSolution
		SolutionGuid = {790748E5-E8E5-4FE9-B43B-B21AE6D7C2D8}
	EndGlobalSection
EndGlobal
